
Microsoft Visual Studio Solution File, Format Version 12.00
# Visual Studio Version 17
VisualStudioVersion = 17.2.32516.85
MinimumVisualStudioVersion = 10.0.40219.1
Project("{FAE04EC0-301F-11D3-BF4B-00C04F79EFBC}") = "AJ_SOLUTIONS_COMMUNICATIONS_APP", "AJ_SOLUTIONS_COMMUNICATIONS_APP\AJ_SOLUTIONS_COMMUNICATIONS_APP.csproj", "{3554DB7B-AE10-4EB2-A226-5E880EB398D8}"
EndProject
Global
	GlobalSection(SolutionConfigurationPlatforms) = preSolution
		Debug|Any CPU = Debug|Any CPU
		Release|Any CPU = Release|Any CPU
	EndGlobalSection
	GlobalSection(ProjectConfigurationPlatforms) = postSolution
		{3554DB7B-AE10-4EB2-A226-5E880EB398D8}.Debug|Any CPU.ActiveCfg = Debug|Any CPU
		{3554DB7B-AE10-4EB2-A226-5E880EB398D8}.Debug|Any CPU.Build.0 = Debug|Any CPU
		{3554DB7B-AE10-4EB2-A226-5E880EB398D8}.Release|Any CPU.ActiveCfg = Release|Any CPU
		{3554DB7B-AE10-4EB2-A226-5E880EB398D8}.Release|Any CPU.Build.0 = Release|Any CPU
	EndGlobalSection
	GlobalSection(SolutionProperties) = preSolution
		HideSolutionNode = FALSE
	EndGlobalSection
	GlobalSection(ExtensibilityGlobals) = postSolution
		SolutionGuid = {4D2B4BA6-FCDC-4DC5-82A8-326BDD8CCE19}
	EndGlobalSection
EndGlobal
